
Microsoft Visual Studio Solution File, Format Version 12.00
# Visual Studio Version 17
VisualStudioVersion = 17.5.002.0
MinimumVisualStudioVersion = 10.0.40219.1
Project("{9A19103F-16F7-4668-BE54-9A1E7A4F7556}") = "WorkingWithEncodings", "WorkingWithEncodings.csproj", "{291F0773-23DF-4628-A34D-C41CFB6B55B5}"
EndProject
Global
	GlobalSection(SolutionConfigurationPlatforms) = preSolution
		Debug|Any CPU = Debug|Any CPU
		Release|Any CPU = Release|Any CPU
	EndGlobalSection
	GlobalSection(ProjectConfigurationPlatforms) = postSolution
		{291F0773-23DF-4628-A34D-C41CFB6B55B5}.Debug|Any CPU.ActiveCfg = Debug|Any CPU
		{291F0773-23DF-4628-A34D-C41CFB6B55B5}.Debug|Any CPU.Build.0 = Debug|Any CPU
		{291F0773-23DF-4628-A34D-C41CFB6B55B5}.Release|Any CPU.ActiveCfg = Release|Any CPU
		{291F0773-23DF-4628-A34D-C41CFB6B55B5}.Release|Any CPU.Build.0 = Release|Any CPU
	EndGlobalSection
	GlobalSection(SolutionProperties) = preSolution
		HideSolutionNode = FALSE
	EndGlobalSection
	GlobalSection(ExtensibilityGlobals) = postSolution
		SolutionGuid = {8E668A4F-1C7C-4EFA-A18B-7230FFE2EC17}
	EndGlobalSection
EndGlobal
