
Microsoft Visual Studio Solution File, Format Version 12.00
# Visual Studio Version 17
VisualStudioVersion = 17.5.002.0
MinimumVisualStudioVersion = 10.0.40219.1
Project("{9A19103F-16F7-4668-BE54-9A1E7A4F7556}") = "CallStackExceptionHandlingLib", "CallStackExceptionHandlingLib.csproj", "{EFC24D39-22E5-4D1B-9621-72360C39AB9D}"
EndProject
Global
	GlobalSection(SolutionConfigurationPlatforms) = preSolution
		Debug|Any CPU = Debug|Any CPU
		Release|Any CPU = Release|Any CPU
	EndGlobalSection
	GlobalSection(ProjectConfigurationPlatforms) = postSolution
		{EFC24D39-22E5-4D1B-9621-72360C39AB9D}.Debug|Any CPU.ActiveCfg = Debug|Any CPU
		{EFC24D39-22E5-4D1B-9621-72360C39AB9D}.Debug|Any CPU.Build.0 = Debug|Any CPU
		{EFC24D39-22E5-4D1B-9621-72360C39AB9D}.Release|Any CPU.ActiveCfg = Release|Any CPU
		{EFC24D39-22E5-4D1B-9621-72360C39AB9D}.Release|Any CPU.Build.0 = Release|Any CPU
	EndGlobalSection
	GlobalSection(SolutionProperties) = preSolution
		HideSolutionNode = FALSE
	EndGlobalSection
	GlobalSection(ExtensibilityGlobals) = postSolution
		SolutionGuid = {49019B6E-2664-4C58-A76F-93392814F07D}
	EndGlobalSection
EndGlobal
