
Microsoft Visual Studio Solution File, Format Version 12.00
# Visual Studio Version 17
VisualStudioVersion = 17.5.002.0
MinimumVisualStudioVersion = 10.0.40219.1
Project("{9A19103F-16F7-4668-BE54-9A1E7A4F7556}") = "Northwind.DataContext.SqlServer", "Northwind.DataContext.SqlServer.csproj", "{BE48A7A7-BFA5-42A7-8CCB-180AB68555ED}"
EndProject
Project("{FAE04EC0-301F-11D3-BF4B-00C04F79EFBC}") = "Northwind.WebApi", "..\Northwind.WebApi\Northwind.WebApi.csproj", "{4A6FE652-EB9B-4659-B8DF-7DC8D2004283}"
EndProject
Global
	GlobalSection(SolutionConfigurationPlatforms) = preSolution
		Debug|Any CPU = Debug|Any CPU
		Release|Any CPU = Release|Any CPU
	EndGlobalSection
	GlobalSection(ProjectConfigurationPlatforms) = postSolution
		{BE48A7A7-BFA5-42A7-8CCB-180AB68555ED}.Debug|Any CPU.ActiveCfg = Debug|Any CPU
		{BE48A7A7-BFA5-42A7-8CCB-180AB68555ED}.Debug|Any CPU.Build.0 = Debug|Any CPU
		{BE48A7A7-BFA5-42A7-8CCB-180AB68555ED}.Release|Any CPU.ActiveCfg = Release|Any CPU
		{BE48A7A7-BFA5-42A7-8CCB-180AB68555ED}.Release|Any CPU.Build.0 = Release|Any CPU
		{4A6FE652-EB9B-4659-B8DF-7DC8D2004283}.Debug|Any CPU.ActiveCfg = Debug|Any CPU
		{4A6FE652-EB9B-4659-B8DF-7DC8D2004283}.Debug|Any CPU.Build.0 = Debug|Any CPU
		{4A6FE652-EB9B-4659-B8DF-7DC8D2004283}.Release|Any CPU.ActiveCfg = Release|Any CPU
		{4A6FE652-EB9B-4659-B8DF-7DC8D2004283}.Release|Any CPU.Build.0 = Release|Any CPU
	EndGlobalSection
	GlobalSection(SolutionProperties) = preSolution
		HideSolutionNode = FALSE
	EndGlobalSection
	GlobalSection(ExtensibilityGlobals) = postSolution
		SolutionGuid = {2BFCA209-F0FC-4096-9C93-2467B4900B4B}
	EndGlobalSection
EndGlobal
