
Microsoft Visual Studio Solution File, Format Version 12.00
# Visual Studio Version 17
VisualStudioVersion = 17.5.002.0
MinimumVisualStudioVersion = 10.0.40219.1
Project("{9A19103F-16F7-4668-BE54-9A1E7A4F7556}") = "Operator", "Operator.csproj", "{550E4A15-EE70-472E-B814-58404BC98061}"
EndProject
Global
	GlobalSection(SolutionConfigurationPlatforms) = preSolution
		Debug|Any CPU = Debug|Any CPU
		Release|Any CPU = Release|Any CPU
	EndGlobalSection
	GlobalSection(ProjectConfigurationPlatforms) = postSolution
		{550E4A15-EE70-472E-B814-58404BC98061}.Debug|Any CPU.ActiveCfg = Debug|Any CPU
		{550E4A15-EE70-472E-B814-58404BC98061}.Debug|Any CPU.Build.0 = Debug|Any CPU
		{550E4A15-EE70-472E-B814-58404BC98061}.Release|Any CPU.ActiveCfg = Release|Any CPU
		{550E4A15-EE70-472E-B814-58404BC98061}.Release|Any CPU.Build.0 = Release|Any CPU
	EndGlobalSection
	GlobalSection(SolutionProperties) = preSolution
		HideSolutionNode = FALSE
	EndGlobalSection
	GlobalSection(ExtensibilityGlobals) = postSolution
		SolutionGuid = {3728A65C-48BB-46B4-BA02-90BEE3BB8713}
	EndGlobalSection
EndGlobal
